// !$*UTF8*$!
{
	archiveVersion = 1;
	classes = {
	};
	objectVersion = 50;
	objects = {

/* Begin PBXBuildFile section */
		823A95CF26CF0CFE00F2A6A0 /* AppDelegate.swift in Sources */ = {isa = PBXBuildFile; fileRef = 823A95CE26CF0CFE00F2A6A0 /* AppDelegate.swift */; };
		823A95D126CF0CFE00F2A6A0 /* SceneDelegate.swift in Sources */ = {isa = PBXBuildFile; fileRef = 823A95D026CF0CFE00F2A6A0 /* SceneDelegate.swift */; };
		823A95D626CF0CFE00F2A6A0 /* TabBarViewController.storyboard in Resources */ = {isa = PBXBuildFile; fileRef = 823A95D426CF0CFE00F2A6A0 /* TabBarViewController.storyboard */; };
		823A95D826CF0D0100F2A6A0 /* Assets.xcassets in Resources */ = {isa = PBXBuildFile; fileRef = 823A95D726CF0D0100F2A6A0 /* Assets.xcassets */; };
		823A95DB26CF0D0100F2A6A0 /* LaunchScreen.storyboard in Resources */ = {isa = PBXBuildFile; fileRef = 823A95D926CF0D0100F2A6A0 /* LaunchScreen.storyboard */; };
		823A95E626CF0D0200F2A6A0 /* TalkatooChallengeTests.swift in Sources */ = {isa = PBXBuildFile; fileRef = 823A95E526CF0D0200F2A6A0 /* TalkatooChallengeTests.swift */; };
		823A95F126CF0D0200F2A6A0 /* TalkatooChallengeUITests.swift in Sources */ = {isa = PBXBuildFile; fileRef = 823A95F026CF0D0200F2A6A0 /* TalkatooChallengeUITests.swift */; };
		823A960026CF3EE300F2A6A0 /* TabBarViewController.swift in Sources */ = {isa = PBXBuildFile; fileRef = 823A95FF26CF3EE300F2A6A0 /* TabBarViewController.swift */; };
		823A960326CFF05500F2A6A0 /* HomeTabViewController.storyboard in Resources */ = {isa = PBXBuildFile; fileRef = 823A960226CFF05500F2A6A0 /* HomeTabViewController.storyboard */; };
		823A960526CFF07000F2A6A0 /* HomeTabViewController.swift in Sources */ = {isa = PBXBuildFile; fileRef = 823A960426CFF07000F2A6A0 /* HomeTabViewController.swift */; };
		823A960726D010F500F2A6A0 /* HomeTabViewModel.swift in Sources */ = {isa = PBXBuildFile; fileRef = 823A960626D010F500F2A6A0 /* HomeTabViewModel.swift */; };
		823A960B26D0145A00F2A6A0 /* DoubleExtensions.swift in Sources */ = {isa = PBXBuildFile; fileRef = 823A960A26D0145A00F2A6A0 /* DoubleExtensions.swift */; };
		823A960E26D0246500F2A6A0 /* Alert.swift in Sources */ = {isa = PBXBuildFile; fileRef = 823A960D26D0246500F2A6A0 /* Alert.swift */; };
		823A961126D0616B00F2A6A0 /* ChangeBreakdown.swift in Sources */ = {isa = PBXBuildFile; fileRef = 823A961026D0616B00F2A6A0 /* ChangeBreakdown.swift */; };
/* End PBXBuildFile section */

/* Begin PBXContainerItemProxy section */
		823A95E226CF0D0100F2A6A0 /* PBXContainerItemProxy */ = {
			isa = PBXContainerItemProxy;
			containerPortal = 823A95C326CF0CFE00F2A6A0 /* Project object */;
			proxyType = 1;
			remoteGlobalIDString = 823A95CA26CF0CFE00F2A6A0;
			remoteInfo = TalkatooChallenge;
		};
		823A95ED26CF0D0200F2A6A0 /* PBXContainerItemProxy */ = {
			isa = PBXContainerItemProxy;
			containerPortal = 823A95C326CF0CFE00F2A6A0 /* Project object */;
			proxyType = 1;
			remoteGlobalIDString = 823A95CA26CF0CFE00F2A6A0;
			remoteInfo = TalkatooChallenge;
		};
/* End PBXContainerItemProxy section */

/* Begin PBXFileReference section */
		823A95CB26CF0CFE00F2A6A0 /* TalkatooChallenge.app */ = {isa = PBXFileReference; explicitFileType = wrapper.application; includeInIndex = 0; path = TalkatooChallenge.app; sourceTree = BUILT_PRODUCTS_DIR; };
		823A95CE26CF0CFE00F2A6A0 /* AppDelegate.swift */ = {isa = PBXFileReference; lastKnownFileType = sourcecode.swift; path = AppDelegate.swift; sourceTree = "<group>"; };
		823A95D026CF0CFE00F2A6A0 /* SceneDelegate.swift */ = {isa = PBXFileReference; lastKnownFileType = sourcecode.swift; path = SceneDelegate.swift; sourceTree = "<group>"; };
		823A95D526CF0CFE00F2A6A0 /* Base */ = {isa = PBXFileReference; lastKnownFileType = file.storyboard; name = Base; path = Base.lproj/TabBarViewController.storyboard; sourceTree = "<group>"; };
		823A95D726CF0D0100F2A6A0 /* Assets.xcassets */ = {isa = PBXFileReference; lastKnownFileType = folder.assetcatalog; path = Assets.xcassets; sourceTree = "<group>"; };
		823A95DA26CF0D0100F2A6A0 /* Base */ = {isa = PBXFileReference; lastKnownFileType = file.storyboard; name = Base; path = Base.lproj/LaunchScreen.storyboard; sourceTree = "<group>"; };
		823A95DC26CF0D0100F2A6A0 /* Info.plist */ = {isa = PBXFileReference; lastKnownFileType = text.plist.xml; path = Info.plist; sourceTree = "<group>"; };
		823A95E126CF0D0100F2A6A0 /* TalkatooChallengeTests.xctest */ = {isa = PBXFileReference; explicitFileType = wrapper.cfbundle; includeInIndex = 0; path = TalkatooChallengeTests.xctest; sourceTree = BUILT_PRODUCTS_DIR; };
		823A95E526CF0D0200F2A6A0 /* TalkatooChallengeTests.swift */ = {isa = PBXFileReference; lastKnownFileType = sourcecode.swift; path = TalkatooChallengeTests.swift; sourceTree = "<group>"; };
		823A95E726CF0D0200F2A6A0 /* Info.plist */ = {isa = PBXFileReference; lastKnownFileType = text.plist.xml; path = Info.plist; sourceTree = "<group>"; };
		823A95EC26CF0D0200F2A6A0 /* TalkatooChallengeUITests.xctest */ = {isa = PBXFileReference; explicitFileType = wrapper.cfbundle; includeInIndex = 0; path = TalkatooChallengeUITests.xctest; sourceTree = BUILT_PRODUCTS_DIR; };
		823A95F026CF0D0200F2A6A0 /* TalkatooChallengeUITests.swift */ = {isa = PBXFileReference; lastKnownFileType = sourcecode.swift; path = TalkatooChallengeUITests.swift; sourceTree = "<group>"; };
		823A95F226CF0D0200F2A6A0 /* Info.plist */ = {isa = PBXFileReference; lastKnownFileType = text.plist.xml; path = Info.plist; sourceTree = "<group>"; };
		823A95FF26CF3EE300F2A6A0 /* TabBarViewController.swift */ = {isa = PBXFileReference; lastKnownFileType = sourcecode.swift; path = TabBarViewController.swift; sourceTree = "<group>"; };
		823A960226CFF05500F2A6A0 /* HomeTabViewController.storyboard */ = {isa = PBXFileReference; lastKnownFileType = file.storyboard; path = HomeTabViewController.storyboard; sourceTree = "<group>"; };
		823A960426CFF07000F2A6A0 /* HomeTabViewController.swift */ = {isa = PBXFileReference; lastKnownFileType = sourcecode.swift; path = HomeTabViewController.swift; sourceTree = "<group>"; };
		823A960626D010F500F2A6A0 /* HomeTabViewModel.swift */ = {isa = PBXFileReference; lastKnownFileType = sourcecode.swift; path = HomeTabViewModel.swift; sourceTree = "<group>"; };
		823A960A26D0145A00F2A6A0 /* DoubleExtensions.swift */ = {isa = PBXFileReference; lastKnownFileType = sourcecode.swift; path = DoubleExtensions.swift; sourceTree = "<group>"; };
		823A960D26D0246500F2A6A0 /* Alert.swift */ = {isa = PBXFileReference; lastKnownFileType = sourcecode.swift; path = Alert.swift; sourceTree = "<group>"; };
		823A961026D0616B00F2A6A0 /* ChangeBreakdown.swift */ = {isa = PBXFileReference; lastKnownFileType = sourcecode.swift; path = ChangeBreakdown.swift; sourceTree = "<group>"; };
/* End PBXFileReference section */

/* Begin PBXFrameworksBuildPhase section */
		823A95C826CF0CFE00F2A6A0 /* Frameworks */ = {
			isa = PBXFrameworksBuildPhase;
			buildActionMask = 2147483647;
			files = (
			);
			runOnlyForDeploymentPostprocessing = 0;
		};
		823A95DE26CF0D0100F2A6A0 /* Frameworks */ = {
			isa = PBXFrameworksBuildPhase;
			buildActionMask = 2147483647;
			files = (
			);
			runOnlyForDeploymentPostprocessing = 0;
		};
		823A95E926CF0D0200F2A6A0 /* Frameworks */ = {
			isa = PBXFrameworksBuildPhase;
			buildActionMask = 2147483647;
			files = (
			);
			runOnlyForDeploymentPostprocessing = 0;
		};
/* End PBXFrameworksBuildPhase section */

/* Begin PBXGroup section */
		823A95C226CF0CFE00F2A6A0 = {
			isa = PBXGroup;
			children = (
				823A95CD26CF0CFE00F2A6A0 /* TalkatooChallenge */,
				823A95E426CF0D0200F2A6A0 /* TalkatooChallengeTests */,
				823A95EF26CF0D0200F2A6A0 /* TalkatooChallengeUITests */,
				823A95CC26CF0CFE00F2A6A0 /* Products */,
			);
			sourceTree = "<group>";
		};
		823A95CC26CF0CFE00F2A6A0 /* Products */ = {
			isa = PBXGroup;
			children = (
				823A95CB26CF0CFE00F2A6A0 /* TalkatooChallenge.app */,
				823A95E126CF0D0100F2A6A0 /* TalkatooChallengeTests.xctest */,
				823A95EC26CF0D0200F2A6A0 /* TalkatooChallengeUITests.xctest */,
			);
			name = Products;
			sourceTree = "<group>";
		};
		823A95CD26CF0CFE00F2A6A0 /* TalkatooChallenge */ = {
			isa = PBXGroup;
			children = (
				823A960F26D0614700F2A6A0 /* Model */,
				823A960C26D0244A00F2A6A0 /* Components */,
				823A960926D0141100F2A6A0 /* Extensions */,
				823A960826D013A800F2A6A0 /* Controllers */,
				823A95CE26CF0CFE00F2A6A0 /* AppDelegate.swift */,
				823A95D026CF0CFE00F2A6A0 /* SceneDelegate.swift */,
				823A95D726CF0D0100F2A6A0 /* Assets.xcassets */,
				823A95D926CF0D0100F2A6A0 /* LaunchScreen.storyboard */,
				823A95DC26CF0D0100F2A6A0 /* Info.plist */,
			);
			path = TalkatooChallenge;
			sourceTree = "<group>";
		};
		823A95E426CF0D0200F2A6A0 /* TalkatooChallengeTests */ = {
			isa = PBXGroup;
			children = (
				823A95E526CF0D0200F2A6A0 /* TalkatooChallengeTests.swift */,
				823A95E726CF0D0200F2A6A0 /* Info.plist */,
			);
			path = TalkatooChallengeTests;
			sourceTree = "<group>";
		};
		823A95EF26CF0D0200F2A6A0 /* TalkatooChallengeUITests */ = {
			isa = PBXGroup;
			children = (
				823A95F026CF0D0200F2A6A0 /* TalkatooChallengeUITests.swift */,
				823A95F226CF0D0200F2A6A0 /* Info.plist */,
			);
			path = TalkatooChallengeUITests;
			sourceTree = "<group>";
		};
		823A95FE26CF13AA00F2A6A0 /* TabBar */ = {
			isa = PBXGroup;
			children = (
				823A95D426CF0CFE00F2A6A0 /* TabBarViewController.storyboard */,
				823A95FF26CF3EE300F2A6A0 /* TabBarViewController.swift */,
			);
			path = TabBar;
			sourceTree = "<group>";
		};
		823A960126CFF01F00F2A6A0 /* HomeTab */ = {
			isa = PBXGroup;
			children = (
				823A960226CFF05500F2A6A0 /* HomeTabViewController.storyboard */,
				823A960426CFF07000F2A6A0 /* HomeTabViewController.swift */,
				823A960626D010F500F2A6A0 /* HomeTabViewModel.swift */,
			);
			path = HomeTab;
			sourceTree = "<group>";
		};
		823A960826D013A800F2A6A0 /* Controllers */ = {
			isa = PBXGroup;
			children = (
				823A960126CFF01F00F2A6A0 /* HomeTab */,
				823A95FE26CF13AA00F2A6A0 /* TabBar */,
			);
			path = Controllers;
			sourceTree = "<group>";
		};
		823A960926D0141100F2A6A0 /* Extensions */ = {
			isa = PBXGroup;
			children = (
				823A960A26D0145A00F2A6A0 /* DoubleExtensions.swift */,
			);
			path = Extensions;
			sourceTree = "<group>";
		};
		823A960C26D0244A00F2A6A0 /* Components */ = {
			isa = PBXGroup;
			children = (
				823A960D26D0246500F2A6A0 /* Alert.swift */,
			);
			path = Components;
			sourceTree = "<group>";
		};
		823A960F26D0614700F2A6A0 /* Model */ = {
			isa = PBXGroup;
			children = (
				823A961026D0616B00F2A6A0 /* ChangeBreakdown.swift */,
			);
			path = Model;
			sourceTree = "<group>";
		};
/* End PBXGroup section */

/* Begin PBXNativeTarget section */
		823A95CA26CF0CFE00F2A6A0 /* TalkatooChallenge */ = {
			isa = PBXNativeTarget;
			buildConfigurationList = 823A95F526CF0D0200F2A6A0 /* Build configuration list for PBXNativeTarget "TalkatooChallenge" */;
			buildPhases = (
				823A95C726CF0CFE00F2A6A0 /* Sources */,
				823A95C826CF0CFE00F2A6A0 /* Frameworks */,
				823A95C926CF0CFE00F2A6A0 /* Resources */,
			);
			buildRules = (
			);
			dependencies = (
			);
			name = TalkatooChallenge;
			productName = TalkatooChallenge;
			productReference = 823A95CB26CF0CFE00F2A6A0 /* TalkatooChallenge.app */;
			productType = "com.apple.product-type.application";
		};
		823A95E026CF0D0100F2A6A0 /* TalkatooChallengeTests */ = {
			isa = PBXNativeTarget;
			buildConfigurationList = 823A95F826CF0D0200F2A6A0 /* Build configuration list for PBXNativeTarget "TalkatooChallengeTests" */;
			buildPhases = (
				823A95DD26CF0D0100F2A6A0 /* Sources */,
				823A95DE26CF0D0100F2A6A0 /* Frameworks */,
				823A95DF26CF0D0100F2A6A0 /* Resources */,
			);
			buildRules = (
			);
			dependencies = (
				823A95E326CF0D0100F2A6A0 /* PBXTargetDependency */,
			);
			name = TalkatooChallengeTests;
			productName = TalkatooChallengeTests;
			productReference = 823A95E126CF0D0100F2A6A0 /* TalkatooChallengeTests.xctest */;
			productType = "com.apple.product-type.bundle.unit-test";
		};
		823A95EB26CF0D0200F2A6A0 /* TalkatooChallengeUITests */ = {
			isa = PBXNativeTarget;
			buildConfigurationList = 823A95FB26CF0D0200F2A6A0 /* Build configuration list for PBXNativeTarget "TalkatooChallengeUITests" */;
			buildPhases = (
				823A95E826CF0D0200F2A6A0 /* Sources */,
				823A95E926CF0D0200F2A6A0 /* Frameworks */,
				823A95EA26CF0D0200F2A6A0 /* Resources */,
			);
			buildRules = (
			);
			dependencies = (
				823A95EE26CF0D0200F2A6A0 /* PBXTargetDependency */,
			);
			name = TalkatooChallengeUITests;
			productName = TalkatooChallengeUITests;
			productReference = 823A95EC26CF0D0200F2A6A0 /* TalkatooChallengeUITests.xctest */;
			productType = "com.apple.product-type.bundle.ui-testing";
		};
/* End PBXNativeTarget section */

/* Begin PBXProject section */
		823A95C326CF0CFE00F2A6A0 /* Project object */ = {
			isa = PBXProject;
			attributes = {
				LastSwiftUpdateCheck = 1250;
				LastUpgradeCheck = 1250;
				TargetAttributes = {
					823A95CA26CF0CFE00F2A6A0 = {
						CreatedOnToolsVersion = 12.5.1;
					};
					823A95E026CF0D0100F2A6A0 = {
						CreatedOnToolsVersion = 12.5.1;
						TestTargetID = 823A95CA26CF0CFE00F2A6A0;
					};
					823A95EB26CF0D0200F2A6A0 = {
						CreatedOnToolsVersion = 12.5.1;
						TestTargetID = 823A95CA26CF0CFE00F2A6A0;
					};
				};
			};
			buildConfigurationList = 823A95C626CF0CFE00F2A6A0 /* Build configuration list for PBXProject "TalkatooChallenge" */;
			compatibilityVersion = "Xcode 9.3";
			developmentRegion = en;
			hasScannedForEncodings = 0;
			knownRegions = (
				en,
				Base,
			);
			mainGroup = 823A95C226CF0CFE00F2A6A0;
			productRefGroup = 823A95CC26CF0CFE00F2A6A0 /* Products */;
			projectDirPath = "";
			projectRoot = "";
			targets = (
				823A95CA26CF0CFE00F2A6A0 /* TalkatooChallenge */,
				823A95E026CF0D0100F2A6A0 /* TalkatooChallengeTests */,
				823A95EB26CF0D0200F2A6A0 /* TalkatooChallengeUITests */,
			);
		};
/* End PBXProject section */

/* Begin PBXResourcesBuildPhase section */
		823A95C926CF0CFE00F2A6A0 /* Resources */ = {
			isa = PBXResourcesBuildPhase;
			buildActionMask = 2147483647;
			files = (
				823A95DB26CF0D0100F2A6A0 /* LaunchScreen.storyboard in Resources */,
				823A95D826CF0D0100F2A6A0 /* Assets.xcassets in Resources */,
				823A960326CFF05500F2A6A0 /* HomeTabViewController.storyboard in Resources */,
				823A95D626CF0CFE00F2A6A0 /* TabBarViewController.storyboard in Resources */,
			);
			runOnlyForDeploymentPostprocessing = 0;
		};
		823A95DF26CF0D0100F2A6A0 /* Resources */ = {
			isa = PBXResourcesBuildPhase;
			buildActionMask = 2147483647;
			files = (
			);
			runOnlyForDeploymentPostprocessing = 0;
		};
		823A95EA26CF0D0200F2A6A0 /* Resources */ = {
			isa = PBXResourcesBuildPhase;
			buildActionMask = 2147483647;
			files = (
			);
			runOnlyForDeploymentPostprocessing = 0;
		};
/* End PBXResourcesBuildPhase section */

/* Begin PBXSourcesBuildPhase section */
		823A95C726CF0CFE00F2A6A0 /* Sources */ = {
			isa = PBXSourcesBuildPhase;
			buildActionMask = 2147483647;
			files = (
				823A960026CF3EE300F2A6A0 /* TabBarViewController.swift in Sources */,
				823A960726D010F500F2A6A0 /* HomeTabViewModel.swift in Sources */,
				823A960E26D0246500F2A6A0 /* Alert.swift in Sources */,
				823A961126D0616B00F2A6A0 /* ChangeBreakdown.swift in Sources */,
				823A960526CFF07000F2A6A0 /* HomeTabViewController.swift in Sources */,
				823A95CF26CF0CFE00F2A6A0 /* AppDelegate.swift in Sources */,
				823A960B26D0145A00F2A6A0 /* DoubleExtensions.swift in Sources */,
				823A95D126CF0CFE00F2A6A0 /* SceneDelegate.swift in Sources */,
			);
			runOnlyForDeploymentPostprocessing = 0;
		};
		823A95DD26CF0D0100F2A6A0 /* Sources */ = {
			isa = PBXSourcesBuildPhase;
			buildActionMask = 2147483647;
			files = (
				823A95E626CF0D0200F2A6A0 /* TalkatooChallengeTests.swift in Sources */,
			);
			runOnlyForDeploymentPostprocessing = 0;
		};
		823A95E826CF0D0200F2A6A0 /* Sources */ = {
			isa = PBXSourcesBuildPhase;
			buildActionMask = 2147483647;
			files = (
				823A95F126CF0D0200F2A6A0 /* TalkatooChallengeUITests.swift in Sources */,
			);
			runOnlyForDeploymentPostprocessing = 0;
		};
/* End PBXSourcesBuildPhase section */

/* Begin PBXTargetDependency section */
		823A95E326CF0D0100F2A6A0 /* PBXTargetDependency */ = {
			isa = PBXTargetDependency;
			target = 823A95CA26CF0CFE00F2A6A0 /* TalkatooChallenge */;
			targetProxy = 823A95E226CF0D0100F2A6A0 /* PBXContainerItemProxy */;
		};
		823A95EE26CF0D0200F2A6A0 /* PBXTargetDependency */ = {
			isa = PBXTargetDependency;
			target = 823A95CA26CF0CFE00F2A6A0 /* TalkatooChallenge */;
			targetProxy = 823A95ED26CF0D0200F2A6A0 /* PBXContainerItemProxy */;
		};
/* End PBXTargetDependency section */

/* Begin PBXVariantGroup section */
		823A95D426CF0CFE00F2A6A0 /* TabBarViewController.storyboard */ = {
			isa = PBXVariantGroup;
			children = (
				823A95D526CF0CFE00F2A6A0 /* Base */,
			);
			name = TabBarViewController.storyboard;
			sourceTree = "<group>";
		};
		823A95D926CF0D0100F2A6A0 /* LaunchScreen.storyboard */ = {
			isa = PBXVariantGroup;
			children = (
				823A95DA26CF0D0100F2A6A0 /* Base */,
			);
			name = LaunchScreen.storyboard;
			sourceTree = "<group>";
		};
/* End PBXVariantGroup section */

/* Begin XCBuildConfiguration section */
		823A95F326CF0D0200F2A6A0 /* Debug */ = {
			isa = XCBuildConfiguration;
			buildSettings = {
				ALWAYS_SEARCH_USER_PATHS = NO;
				CLANG_ANALYZER_NONNULL = YES;
				CLANG_ANALYZER_NUMBER_OBJECT_CONVERSION = YES_AGGRESSIVE;
				CLANG_CXX_LANGUAGE_STANDARD = "gnu++14";
				CLANG_CXX_LIBRARY = "libc++";
				CLANG_ENABLE_MODULES = YES;
				CLANG_ENABLE_OBJC_ARC = YES;
				CLANG_ENABLE_OBJC_WEAK = YES;
				CLANG_WARN_BLOCK_CAPTURE_AUTORELEASING = YES;
				CLANG_WARN_BOOL_CONVERSION = YES;
				CLANG_WARN_COMMA = YES;
				CLANG_WARN_CONSTANT_CONVERSION = YES;
				CLANG_WARN_DEPRECATED_OBJC_IMPLEMENTATIONS = YES;
				CLANG_WARN_DIRECT_OBJC_ISA_USAGE = YES_ERROR;
				CLANG_WARN_DOCUMENTATION_COMMENTS = YES;
				CLANG_WARN_EMPTY_BODY = YES;
				CLANG_WARN_ENUM_CONVERSION = YES;
				CLANG_WARN_INFINITE_RECURSION = YES;
				CLANG_WARN_INT_CONVERSION = YES;
				CLANG_WARN_NON_LITERAL_NULL_CONVERSION = YES;
				CLANG_WARN_OBJC_IMPLICIT_RETAIN_SELF = YES;
				CLANG_WARN_OBJC_LITERAL_CONVERSION = YES;
				CLANG_WARN_OBJC_ROOT_CLASS = YES_ERROR;
				CLANG_WARN_QUOTED_INCLUDE_IN_FRAMEWORK_HEADER = YES;
				CLANG_WARN_RANGE_LOOP_ANALYSIS = YES;
				CLANG_WARN_STRICT_PROTOTYPES = YES;
				CLANG_WARN_SUSPICIOUS_MOVE = YES;
				CLANG_WARN_UNGUARDED_AVAILABILITY = YES_AGGRESSIVE;
				CLANG_WARN_UNREACHABLE_CODE = YES;
				CLANG_WARN__DUPLICATE_METHOD_MATCH = YES;
				COPY_PHASE_STRIP = NO;
				DEBUG_INFORMATION_FORMAT = dwarf;
				ENABLE_STRICT_OBJC_MSGSEND = YES;
				ENABLE_TESTABILITY = YES;
				GCC_C_LANGUAGE_STANDARD = gnu11;
				GCC_DYNAMIC_NO_PIC = NO;
				GCC_NO_COMMON_BLOCKS = YES;
				GCC_OPTIMIZATION_LEVEL = 0;
				GCC_PREPROCESSOR_DEFINITIONS = (
					"DEBUG=1",
					"$(inherited)",
				);
				GCC_WARN_64_TO_32_BIT_CONVERSION = YES;
				GCC_WARN_ABOUT_RETURN_TYPE = YES_ERROR;
				GCC_WARN_UNDECLARED_SELECTOR = YES;
				GCC_WARN_UNINITIALIZED_AUTOS = YES_AGGRESSIVE;
				GCC_WARN_UNUSED_FUNCTION = YES;
				GCC_WARN_UNUSED_VARIABLE = YES;
				IPHONEOS_DEPLOYMENT_TARGET = 14.5;
				MTL_ENABLE_DEBUG_INFO = INCLUDE_SOURCE;
				MTL_FAST_MATH = YES;
				ONLY_ACTIVE_ARCH = YES;
				SDKROOT = iphoneos;
				SWIFT_ACTIVE_COMPILATION_CONDITIONS = DEBUG;
				SWIFT_OPTIMIZATION_LEVEL = "-Onone";
			};
			name = Debug;
		};
		823A95F426CF0D0200F2A6A0 /* Release */ = {
			isa = XCBuildConfiguration;
			buildSettings = {
				ALWAYS_SEARCH_USER_PATHS = NO;
				CLANG_ANALYZER_NONNULL = YES;
				CLANG_ANALYZER_NUMBER_OBJECT_CONVERSION = YES_AGGRESSIVE;
				CLANG_CXX_LANGUAGE_STANDARD = "gnu++14";
				CLANG_CXX_LIBRARY = "libc++";
				CLANG_ENABLE_MODULES = YES;
				CLANG_ENABLE_OBJC_ARC = YES;
				CLANG_ENABLE_OBJC_WEAK = YES;
				CLANG_WARN_BLOCK_CAPTURE_AUTORELEASING = YES;
				CLANG_WARN_BOOL_CONVERSION = YES;
				CLANG_WARN_COMMA = YES;
				CLANG_WARN_CONSTANT_CONVERSION = YES;
				CLANG_WARN_DEPRECATED_OBJC_IMPLEMENTATIONS = YES;
				CLANG_WARN_DIRECT_OBJC_ISA_USAGE = YES_ERROR;
				CLANG_WARN_DOCUMENTATION_COMMENTS = YES;
				CLANG_WARN_EMPTY_BODY = YES;
				CLANG_WARN_ENUM_CONVERSION = YES;
				CLANG_WARN_INFINITE_RECURSION = YES;
				CLANG_WARN_INT_CONVERSION = YES;
				CLANG_WARN_NON_LITERAL_NULL_CONVERSION = YES;
				CLANG_WARN_OBJC_IMPLICIT_RETAIN_SELF = YES;
				CLANG_WARN_OBJC_LITERAL_CONVERSION = YES;
				CLANG_WARN_OBJC_ROOT_CLASS = YES_ERROR;
				CLANG_WARN_QUOTED_INCLUDE_IN_FRAMEWORK_HEADER = YES;
				CLANG_WARN_RANGE_LOOP_ANALYSIS = YES;
				CLANG_WARN_STRICT_PROTOTYPES = YES;
				CLANG_WARN_SUSPICIOUS_MOVE = YES;
				CLANG_WARN_UNGUARDED_AVAILABILITY = YES_AGGRESSIVE;
				CLANG_WARN_UNREACHABLE_CODE = YES;
				CLANG_WARN__DUPLICATE_METHOD_MATCH = YES;
				COPY_PHASE_STRIP = NO;
				DEBUG_INFORMATION_FORMAT = "dwarf-with-dsym";
				ENABLE_NS_ASSERTIONS = NO;
				ENABLE_STRICT_OBJC_MSGSEND = YES;
				GCC_C_LANGUAGE_STANDARD = gnu11;
				GCC_NO_COMMON_BLOCKS = YES;
				GCC_WARN_64_TO_32_BIT_CONVERSION = YES;
				GCC_WARN_ABOUT_RETURN_TYPE = YES_ERROR;
				GCC_WARN_UNDECLARED_SELECTOR = YES;
				GCC_WARN_UNINITIALIZED_AUTOS = YES_AGGRESSIVE;
				GCC_WARN_UNUSED_FUNCTION = YES;
				GCC_WARN_UNUSED_VARIABLE = YES;
				IPHONEOS_DEPLOYMENT_TARGET = 14.5;
				MTL_ENABLE_DEBUG_INFO = NO;
				MTL_FAST_MATH = YES;
				SDKROOT = iphoneos;
				SWIFT_COMPILATION_MODE = wholemodule;
				SWIFT_OPTIMIZATION_LEVEL = "-O";
				VALIDATE_PRODUCT = YES;
			};
			name = Release;
		};
		823A95F626CF0D0200F2A6A0 /* Debug */ = {
			isa = XCBuildConfiguration;
			buildSettings = {
				ASSETCATALOG_COMPILER_APPICON_NAME = AppIcon;
				ASSETCATALOG_COMPILER_GLOBAL_ACCENT_COLOR_NAME = AccentColor;
				CODE_SIGN_STYLE = Automatic;
				INFOPLIST_FILE = TalkatooChallenge/Info.plist;
				LD_RUNPATH_SEARCH_PATHS = (
					"$(inherited)",
					"@executable_path/Frameworks",
				);
				PRODUCT_BUNDLE_IDENTIFIER = com.musoke.TalkatooChallenge;
				PRODUCT_NAME = "$(TARGET_NAME)";
				SWIFT_VERSION = 5.0;
				TARGETED_DEVICE_FAMILY = "1,2";
			};
			name = Debug;
		};
		823A95F726CF0D0200F2A6A0 /* Release */ = {
			isa = XCBuildConfiguration;
			buildSettings = {
				ASSETCATALOG_COMPILER_APPICON_NAME = AppIcon;
				ASSETCATALOG_COMPILER_GLOBAL_ACCENT_COLOR_NAME = AccentColor;
				CODE_SIGN_STYLE = Automatic;
				INFOPLIST_FILE = TalkatooChallenge/Info.plist;
				LD_RUNPATH_SEARCH_PATHS = (
					"$(inherited)",
					"@executable_path/Frameworks",
				);
				PRODUCT_BUNDLE_IDENTIFIER = com.musoke.TalkatooChallenge;
				PRODUCT_NAME = "$(TARGET_NAME)";
				SWIFT_VERSION = 5.0;
				TARGETED_DEVICE_FAMILY = "1,2";
			};
			name = Release;
		};
		823A95F926CF0D0200F2A6A0 /* Debug */ = {
			isa = XCBuildConfiguration;
			buildSettings = {
				ALWAYS_EMBED_SWIFT_STANDARD_LIBRARIES = YES;
				BUNDLE_LOADER = "$(TEST_HOST)";
				CODE_SIGN_STYLE = Automatic;
				INFOPLIST_FILE = TalkatooChallengeTests/Info.plist;
				IPHONEOS_DEPLOYMENT_TARGET = 14.5;
				LD_RUNPATH_SEARCH_PATHS = (
					"$(inherited)",
					"@executable_path/Frameworks",
					"@loader_path/Frameworks",
				);
				PRODUCT_BUNDLE_IDENTIFIER = com.musoke.TalkatooChallengeTests;
				PRODUCT_NAME = "$(TARGET_NAME)";
				SWIFT_VERSION = 5.0;
				TARGETED_DEVICE_FAMILY = "1,2";
				TEST_HOST = "$(BUILT_PRODUCTS_DIR)/TalkatooChallenge.app/TalkatooChallenge";
			};
			name = Debug;
		};
		823A95FA26CF0D0200F2A6A0 /* Release */ = {
			isa = XCBuildConfiguration;
			buildSettings = {
				ALWAYS_EMBED_SWIFT_STANDARD_LIBRARIES = YES;
				BUNDLE_LOADER = "$(TEST_HOST)";
				CODE_SIGN_STYLE = Automatic;
				INFOPLIST_FILE = TalkatooChallengeTests/Info.plist;
				IPHONEOS_DEPLOYMENT_TARGET = 14.5;
				LD_RUNPATH_SEARCH_PATHS = (
					"$(inherited)",
					"@executable_path/Frameworks",
					"@loader_path/Frameworks",
				);
				PRODUCT_BUNDLE_IDENTIFIER = com.musoke.TalkatooChallengeTests;
				PRODUCT_NAME = "$(TARGET_NAME)";
				SWIFT_VERSION = 5.0;
				TARGETED_DEVICE_FAMILY = "1,2";
				TEST_HOST = "$(BUILT_PRODUCTS_DIR)/TalkatooChallenge.app/TalkatooChallenge";
			};
			name = Release;
		};
		823A95FC26CF0D0200F2A6A0 /* Debug */ = {
			isa = XCBuildConfiguration;
			buildSettings = {
				ALWAYS_EMBED_SWIFT_STANDARD_LIBRARIES = YES;
				CODE_SIGN_STYLE = Automatic;
				INFOPLIST_FILE = TalkatooChallengeUITests/Info.plist;
				LD_RUNPATH_SEARCH_PATHS = (
					"$(inherited)",
					"@executable_path/Frameworks",
					"@loader_path/Frameworks",
				);
				PRODUCT_BUNDLE_IDENTIFIER = com.musoke.TalkatooChallengeUITests;
				PRODUCT_NAME = "$(TARGET_NAME)";
				SWIFT_VERSION = 5.0;
				TARGETED_DEVICE_FAMILY = "1,2";
				TEST_TARGET_NAME = TalkatooChallenge;
			};
			name = Debug;
		};
		823A95FD26CF0D0200F2A6A0 /* Release */ = {
			isa = XCBuildConfiguration;
			buildSettings = {
				ALWAYS_EMBED_SWIFT_STANDARD_LIBRARIES = YES;
				CODE_SIGN_STYLE = Automatic;
				INFOPLIST_FILE = TalkatooChallengeUITests/Info.plist;
				LD_RUNPATH_SEARCH_PATHS = (
					"$(inherited)",
					"@executable_path/Frameworks",
					"@loader_path/Frameworks",
				);
				PRODUCT_BUNDLE_IDENTIFIER = com.musoke.TalkatooChallengeUITests;
				PRODUCT_NAME = "$(TARGET_NAME)";
				SWIFT_VERSION = 5.0;
				TARGETED_DEVICE_FAMILY = "1,2";
				TEST_TARGET_NAME = TalkatooChallenge;
			};
			name = Release;
		};
/* End XCBuildConfiguration section */

/* Begin XCConfigurationList section */
		823A95C626CF0CFE00F2A6A0 /* Build configuration list for PBXProject "TalkatooChallenge" */ = {
			isa = XCConfigurationList;
			buildConfigurations = (
				823A95F326CF0D0200F2A6A0 /* Debug */,
				823A95F426CF0D0200F2A6A0 /* Release */,
			);
			defaultConfigurationIsVisible = 0;
			defaultConfigurationName = Release;
		};
		823A95F526CF0D0200F2A6A0 /* Build configuration list for PBXNativeTarget "TalkatooChallenge" */ = {
			isa = XCConfigurationList;
			buildConfigurations = (
				823A95F626CF0D0200F2A6A0 /* Debug */,
				823A95F726CF0D0200F2A6A0 /* Release */,
			);
			defaultConfigurationIsVisible = 0;
			defaultConfigurationName = Release;
		};
		823A95F826CF0D0200F2A6A0 /* Build configuration list for PBXNativeTarget "TalkatooChallengeTests" */ = {
			isa = XCConfigurationList;
			buildConfigurations = (
				823A95F926CF0D0200F2A6A0 /* Debug */,
				823A95FA26CF0D0200F2A6A0 /* Release */,
			);
			defaultConfigurationIsVisible = 0;
			defaultConfigurationName = Release;
		};
		823A95FB26CF0D0200F2A6A0 /* Build configuration list for PBXNativeTarget "TalkatooChallengeUITests" */ = {
			isa = XCConfigurationList;
			buildConfigurations = (
				823A95FC26CF0D0200F2A6A0 /* Debug */,
				823A95FD26CF0D0200F2A6A0 /* Release */,
			);
			defaultConfigurationIsVisible = 0;
			defaultConfigurationName = Release;
		};
/* End XCConfigurationList section */
	};
	rootObject = 823A95C326CF0CFE00F2A6A0 /* Project object */;
}
